{
  "nodes": {
    "abc_src_2020_06_22": {
      "flake": false,
      "locked": {
        "lastModified": 1592833960,
        "narHash": "sha256-uuwuRbV9sQFwmc49+RbSUGiOdwo7W6Mrm5KWv8nYj5E=",
        "owner": "berkeley-abc",
        "repo": "abc",
        "rev": "341db25668f3054c87aa3372c794e180f629af5d",
        "type": "github"
      },
      "original": {
        "owner": "berkeley-abc",
        "ref": "341db2566",
        "repo": "abc",
        "type": "github"
      }
    },
    "abc_src_2021_12_30": {
      "flake": false,
      "locked": {
        "lastModified": 1640812112,
        "narHash": "sha256-4/eJVyuCCgGk6CVZOOvQyLpz8NEOVe9j7Y9AG+lGsy0=",
        "owner": "berkeley-abc",
        "repo": "abc",
        "rev": "48498af8189ef321ee876065d8947875cf711294",
        "type": "github"
      },
      "original": {
        "owner": "berkeley-abc",
        "ref": "48498af",
        "repo": "abc",
        "type": "github"
      }
    },
    "boolector_src_3_1_0": {
      "flake": false,
      "locked": {
        "lastModified": 1575327020,
        "narHash": "sha256-c1mgw38Sh4WsX84868WAovKbfrvTmH05IlKBLKcB6Ro=",
        "owner": "boolector",
        "repo": "boolector",
        "rev": "fafab47e547e8aa4abf1f27dd3b34e70db3bfee6",
        "type": "github"
      },
      "original": {
        "owner": "boolector",
        "ref": "3.1.0",
        "repo": "boolector",
        "type": "github"
      }
    },
    "boolector_src_3_2_0": {
      "flake": false,
      "locked": {
        "lastModified": 1581129234,
        "narHash": "sha256-VuOaxBvlltfiCDJuBv1j4z3YGU90r7utR5NdMOJN8iA=",
        "owner": "boolector",
        "repo": "boolector",
        "rev": "365eaab616562eedb1680ebbf8784cf8ecb25d1a",
        "type": "github"
      },
      "original": {
        "owner": "boolector",
        "ref": "3.2.0",
        "repo": "boolector",
        "type": "github"
      }
    },
    "boolector_src_3_2_1": {
      "flake": false,
      "locked": {
        "lastModified": 1585161960,
        "narHash": "sha256-kZ3FIV/Gukg/zrPrjT2KrIbpyRkvyU/dfFhadAxXdUo=",
        "owner": "boolector",
        "repo": "boolector",
        "rev": "f61c0dcf4a76e2f7766a6358bfb9c16ca8217224",
        "type": "github"
      },
      "original": {
        "owner": "boolector",
        "ref": "3.2.1",
        "repo": "boolector",
        "type": "github"
      }
    },
    "boolector_src_3_2_2": {
      "flake": false,
      "locked": {
        "lastModified": 1622162831,
        "narHash": "sha256-H5QphlFyH5ROhHm15cgm86ANiFtl25eX4HZzdL3xrOo=",
        "owner": "boolector",
        "repo": "boolector",
        "rev": "e7aba964f69cd52dbe509e46e818a4411b316cd3",
        "type": "github"
      },
      "original": {
        "owner": "boolector",
        "ref": "3.2.2",
        "repo": "boolector",
        "type": "github"
      }
    },
    "build-bom-src": {
      "flake": false,
      "locked": {
        "lastModified": 1692482808,
        "narHash": "sha256-jKF21p5caJm4LLqmz+kA1FncYGQY6Pvg699DUwzfqKM=",
        "owner": "travitch",
        "repo": "build-bom",
        "rev": "14602f7ec951492668972af3696e6cea80eee2d4",
        "type": "github"
      },
      "original": {
        "owner": "travitch",
        "repo": "build-bom",
        "type": "github"
      }
    },
    "cvc4_src_1_7": {
      "flake": false,
      "locked": {
        "lastModified": 1554826471,
        "narHash": "sha256-X0zu464pIdyp4Jo5kpjsjAd1pJYDlxCMgQD4IVP1I1Y=",
        "owner": "cvc4",
        "repo": "cvc4",
        "rev": "84da9c0b4825abee124357a2b8e779965a9c7b30",
        "type": "github"
      },
      "original": {
        "owner": "cvc4",
        "ref": "1.7",
        "repo": "cvc4",
        "type": "github"
      }
    },
    "cvc4_src_1_8": {
      "flake": false,
      "locked": {
        "lastModified": 1592585967,
        "narHash": "sha256-V6KShPLW6kFBJaNgqy98rjOxULmf5c8AmDwo9fclGuY=",
        "owner": "cvc4",
        "repo": "cvc4",
        "rev": "5247901077efbc7b9016ba35fded7a6ab459a379",
        "type": "github"
      },
      "original": {
        "owner": "cvc4",
        "ref": "1.8",
        "repo": "cvc4",
        "type": "github"
      }
    },
    "cvc5_src_1_0_0": {
      "flake": false,
      "locked": {
        "lastModified": 1649202980,
        "narHash": "sha256-9sURrDmHtCx5wgfNGe2dMPqH+goaM0vPrs5JRSvHXQ8=",
        "owner": "cvc5",
        "repo": "cvc5",
        "rev": "24fc4950db70cd7bc3dff25daa43c7aecc2e21a8",
        "type": "github"
      },
      "original": {
        "owner": "cvc5",
        "ref": "cvc5-1.0.0",
        "repo": "cvc5",
        "type": "github"
      }
    },
    "cvc5_src_1_0_1": {
      "flake": false,
      "locked": {
        "lastModified": 1658246088,
        "narHash": "sha256-D3rexkDc78w/HObT/WYPBo8mTBx1MAkxPXJvddg97ic=",
        "owner": "cvc5",
        "repo": "cvc5",
        "rev": "4f0c80bb617b4fd4fee2fe7df6fee3b9a76042f3",
        "type": "github"
      },
      "original": {
        "owner": "cvc5",
        "ref": "cvc5-1.0.1",
        "repo": "cvc5",
        "type": "github"
      }
    },
    "cvc5_src_1_0_2": {
      "flake": false,
      "locked": {
        "lastModified": 1661533863,
        "narHash": "sha256-RDslPz9b0R9NXaXoixSCenHEh+F3wg/8p4Ksrzh41PI=",
        "owner": "cvc5",
        "repo": "cvc5",
        "rev": "ef35c1131976e5a3d981dace510d90aed2d11cef",
        "type": "github"
      },
      "original": {
        "owner": "cvc5",
        "ref": "cvc5-1.0.2",
        "repo": "cvc5",
        "type": "github"
      }
    },
    "flake-utils": {
      "locked": {
        "lastModified": 1638122382,
        "narHash": "sha256-sQzZzAbvKEqN9s0bzWuYmRaA03v40gaJ4+iL1LXjaeI=",
        "owner": "numtide",
        "repo": "flake-utils",
        "rev": "74f7e4319258e287b0f9cb95426c9853b282730b",
        "type": "github"
      },
      "original": {
        "owner": "numtide",
        "repo": "flake-utils",
        "type": "github"
      }
    },
    "nixpkgs": {
      "locked": {
        "lastModified": 1685566663,
        "narHash": "sha256-btHN1czJ6rzteeCuE/PNrdssqYD2nIA4w48miQAFloM=",
        "owner": "nixos",
        "repo": "nixpkgs",
        "rev": "4ecab3273592f27479a583fb6d975d4aba3486fe",
        "type": "github"
      },
      "original": {
        "owner": "nixos",
        "ref": "23.05",
        "repo": "nixpkgs",
        "type": "github"
      }
    },
    "root": {
      "inputs": {
        "abc_src_2020_06_22": "abc_src_2020_06_22",
        "abc_src_2021_12_30": "abc_src_2021_12_30",
        "boolector_src_3_1_0": "boolector_src_3_1_0",
        "boolector_src_3_2_0": "boolector_src_3_2_0",
        "boolector_src_3_2_1": "boolector_src_3_2_1",
        "boolector_src_3_2_2": "boolector_src_3_2_2",
        "build-bom-src": "build-bom-src",
        "cvc4_src_1_7": "cvc4_src_1_7",
        "cvc4_src_1_8": "cvc4_src_1_8",
        "cvc5_src_1_0_0": "cvc5_src_1_0_0",
        "cvc5_src_1_0_1": "cvc5_src_1_0_1",
        "cvc5_src_1_0_2": "cvc5_src_1_0_2",
        "flake-utils": "flake-utils",
        "nixpkgs": "nixpkgs",
        "stp_src_2_2_0": "stp_src_2_2_0",
        "stp_src_2_3_1": "stp_src_2_3_1",
        "stp_src_2_3_2": "stp_src_2_3_2",
        "stp_src_2_3_3": "stp_src_2_3_3",
        "yices_src_2_5_4": "yices_src_2_5_4",
        "yices_src_2_6_1": "yices_src_2_6_1",
        "yices_src_2_6_2": "yices_src_2_6_2",
        "yices_src_2_6_3": "yices_src_2_6_3",
        "yices_src_2_6_4": "yices_src_2_6_4",
        "z3_src_4_8_10": "z3_src_4_8_10",
        "z3_src_4_8_11": "z3_src_4_8_11",
        "z3_src_4_8_12": "z3_src_4_8_12",
        "z3_src_4_8_13": "z3_src_4_8_13",
        "z3_src_4_8_14": "z3_src_4_8_14",
        "z3_src_4_8_8": "z3_src_4_8_8",
        "z3_src_4_8_9": "z3_src_4_8_9"
      }
    },
    "stp_src_2_2_0": {
      "flake": false,
      "locked": {
        "lastModified": 1469138502,
        "narHash": "sha256-icQhn2S397TLYHhnCQnAz6q1RvHiHUK6w9YKUyUfAso=",
        "owner": "stp",
        "repo": "stp",
        "rev": "9b9021b28bf95c3851835e0c836a05cb5baa4670",
        "type": "github"
      },
      "original": {
        "owner": "stp",
        "ref": "stp-2.2.0",
        "repo": "stp",
        "type": "github"
      }
    },
    "stp_src_2_3_1": {
      "flake": false,
      "locked": {
        "lastModified": 1507495326,
        "narHash": "sha256-M/R+zIDwir4VWF+C0AST30K8D2YoBFQQGSjTyR6kCdw=",
        "owner": "stp",
        "repo": "stp",
        "rev": "15943d7fa821106c350a367d83aaf143d4720023",
        "type": "github"
      },
      "original": {
        "owner": "stp",
        "ref": "2.3.1",
        "repo": "stp",
        "type": "github"
      }
    },
    "stp_src_2_3_2": {
      "flake": false,
      "locked": {
        "lastModified": 1550704354,
        "narHash": "sha256-cy8WgXltTGmlUdmqxQdd5RCoiF1PkwKixQIisQgcPp8=",
        "owner": "stp",
        "repo": "stp",
        "rev": "a58a4ab2f42a334854c7e7485593e33cd4b4ee53",
        "type": "github"
      },
      "original": {
        "owner": "stp",
        "ref": "2.3.2",
        "repo": "stp",
        "type": "github"
      }
    },
    "stp_src_2_3_3": {
      "flake": false,
      "locked": {
        "lastModified": 1551536761,
        "narHash": "sha256-B+HQF4TJPkYrpodE4qo4JHvlu+a5HTJf1AFyXTnZ4vk=",
        "owner": "stp",
        "repo": "stp",
        "rev": "7a3fd493ae6f0a524f853946308f4f3c3ddcbe76",
        "type": "github"
      },
      "original": {
        "owner": "stp",
        "ref": "2.3.3",
        "repo": "stp",
        "type": "github"
      }
    },
    "yices_src_2_5_4": {
      "flake": false,
      "locked": {
        "lastModified": 1506715852,
        "narHash": "sha256-qM3j0IlrDx/X2mZEAPN5bJ1ndhAICvFhQw8Joyw+0mE=",
        "owner": "SRI-CSL",
        "repo": "yices2",
        "rev": "2a90fceb57a643286dde8804154b06611f7f3f31",
        "type": "github"
      },
      "original": {
        "owner": "SRI-CSL",
        "ref": "Yices-2.5.4",
        "repo": "yices2",
        "type": "github"
      }
    },
    "yices_src_2_6_1": {
      "flake": false,
      "locked": {
        "lastModified": 1540589589,
        "narHash": "sha256-FfqHJ38f1Cvo+SQbmjx3Xk6ErWQkyXegBADqq5EhbhM=",
        "owner": "SRI-CSL",
        "repo": "yices2",
        "rev": "ba13d37d452fef50b8ec9dcf7828e4d5c60dd220",
        "type": "github"
      },
      "original": {
        "owner": "SRI-CSL",
        "ref": "Yices-2.6.1",
        "repo": "yices2",
        "type": "github"
      }
    },
    "yices_src_2_6_2": {
      "flake": false,
      "locked": {
        "lastModified": 1586185702,
        "narHash": "sha256-tibo5eybSAasYPKpRGla3Qfsn+s3Lqhb7tDt/klBo8s=",
        "owner": "SRI-CSL",
        "repo": "yices2",
        "rev": "8509cfb5c294df3c0ac3a4814483f39c58879606",
        "type": "github"
      },
      "original": {
        "owner": "SRI-CSL",
        "ref": "Yices-2.6.2",
        "repo": "yices2",
        "type": "github"
      }
    },
    "yices_src_2_6_3": {
      "flake": false,
      "locked": {
        "lastModified": 1633801264,
        "narHash": "sha256-9A+whXX8pu6tV4VqoCmCMzA2+23it+CYo5HPRVFA0QU=",
        "owner": "SRI-CSL",
        "repo": "yices2",
        "rev": "3e61b88f15cf6602e51ccbb9e61f117e4fb2f2c1",
        "type": "github"
      },
      "original": {
        "owner": "SRI-CSL",
        "ref": "Yices-2.6.3",
        "repo": "yices2",
        "type": "github"
      }
    },
    "yices_src_2_6_4": {
      "flake": false,
      "locked": {
        "lastModified": 1634768435,
        "narHash": "sha256-qdxh86CkKdm65oHcRgaafTG9GUOoIgTDjeWmRofIpNE=",
        "owner": "SRI-CSL",
        "repo": "yices2",
        "rev": "f705557b7d33d866eb1b47b5471f97189eb31cc4",
        "type": "github"
      },
      "original": {
        "owner": "SRI-CSL",
        "ref": "Yices-2.6.4",
        "repo": "yices2",
        "type": "github"
      }
    },
    "z3_src_4_8_10": {
      "flake": false,
      "locked": {
        "lastModified": 1611173207,
        "narHash": "sha256-jvn1RtSqmhRTA9I+VDDVGW3KID38WiFGl/vGB6ioPvA=",
        "owner": "z3prover",
        "repo": "z3",
        "rev": "517d907567f4283ad8b48ff9c2a3f6dce838569e",
        "type": "github"
      },
      "original": {
        "owner": "z3prover",
        "ref": "z3-4.8.10",
        "repo": "z3",
        "type": "github"
      }
    },
    "z3_src_4_8_11": {
      "flake": false,
      "locked": {
        "lastModified": 1622847259,
        "narHash": "sha256-K/18FS4zvqLbspZvTeLbC0mW3tCPf5di2GysVWtFwZc=",
        "owner": "z3prover",
        "repo": "z3",
        "rev": "39af2a188da198b87037fe4fad2bd5da67386c86",
        "type": "github"
      },
      "original": {
        "owner": "z3prover",
        "ref": "z3-4.8.11",
        "repo": "z3",
        "type": "github"
      }
    },
    "z3_src_4_8_12": {
      "flake": false,
      "locked": {
        "lastModified": 1626182723,
        "narHash": "sha256-oLsdiZQ5ZIWn0Hr/zuWL5EcolOx9X+1sRE/VAQ9rbPE=",
        "owner": "z3prover",
        "repo": "z3",
        "rev": "3a402ca2c14c3891d24658318406f80ce59b719f",
        "type": "github"
      },
      "original": {
        "owner": "z3prover",
        "ref": "z3-4.8.12",
        "repo": "z3",
        "type": "github"
      }
    },
    "z3_src_4_8_13": {
      "flake": false,
      "locked": {
        "lastModified": 1637265644,
        "narHash": "sha256-LYpJ5P0oKJdW7s3PH3zXHWL/PPyzjC+o5KWEPERsUQQ=",
        "owner": "z3prover",
        "repo": "z3",
        "rev": "feadfbfba4642cd81d36c30cb901f605c48712ad",
        "type": "github"
      },
      "original": {
        "owner": "z3prover",
        "ref": "z3-4.8.13",
        "repo": "z3",
        "type": "github"
      }
    },
    "z3_src_4_8_14": {
      "flake": false,
      "locked": {
        "lastModified": 1640292180,
        "narHash": "sha256-jPSTVSndp/T7n+VxZ/g9Rjco00Up+9xeDIVkeLl1MTw=",
        "owner": "z3prover",
        "repo": "z3",
        "rev": "df8f9d7dcb8b9f9b3de1072017b7c2b7f63f0af8",
        "type": "github"
      },
      "original": {
        "owner": "z3prover",
        "ref": "z3-4.8.14",
        "repo": "z3",
        "type": "github"
      }
    },
    "z3_src_4_8_8": {
      "flake": false,
      "locked": {
        "lastModified": 1588972358,
        "narHash": "sha256-qpmi75I27m89dhKSy8D2zkzqKpLoFBPRBrhzDB8axeY=",
        "owner": "z3prover",
        "repo": "z3",
        "rev": "ad55a1f1c617a7f0c3dd735c0780fc758424c7f1",
        "type": "github"
      },
      "original": {
        "owner": "z3prover",
        "ref": "z3-4.8.8",
        "repo": "z3",
        "type": "github"
      }
    },
    "z3_src_4_8_9": {
      "flake": false,
      "locked": {
        "lastModified": 1599763888,
        "narHash": "sha256-vfP9GXdKfXQ8+q97gEGbg4VghA1sVD1Py22IBgL+y8I=",
        "owner": "z3prover",
        "repo": "z3",
        "rev": "79734f26aee55309077de1f26e9b6f50ecd99ceb",
        "type": "github"
      },
      "original": {
        "owner": "z3prover",
        "ref": "z3-4.8.9",
        "repo": "z3",
        "type": "github"
      }
    }
  },
  "root": "root",
  "version": 7
}
